
Microsoft Visual Studio Solution File, Format Version 12.00
# Visual Studio Version 17
VisualStudioVersion = 17.4.33205.214
MinimumVisualStudioVersion = 10.0.40219.1
Project("{FAE04EC0-301F-11D3-BF4B-00C04F79EFBC}") = "Pieshop2", "Pieshop2\Pieshop2.csproj", "{BBA9C5A0-666F-45D9-944E-F8806DFCB526}"
EndProject
Project("{2150E333-8FDC-42A3-9474-1A3956D46DE8}") = "Solution Items", "Solution Items", "{8AE5EACF-2B5C-4FDD-B08F-554F34D7EB79}"
EndProject
Global
	GlobalSection(SolutionConfigurationPlatforms) = preSolution
		Debug|Any CPU = Debug|Any CPU
		Release|Any CPU = Release|Any CPU
	EndGlobalSection
	GlobalSection(ProjectConfigurationPlatforms) = postSolution
		{BBA9C5A0-666F-45D9-944E-F8806DFCB526}.Debug|Any CPU.ActiveCfg = Debug|Any CPU
		{BBA9C5A0-666F-45D9-944E-F8806DFCB526}.Debug|Any CPU.Build.0 = Debug|Any CPU
		{BBA9C5A0-666F-45D9-944E-F8806DFCB526}.Release|Any CPU.ActiveCfg = Release|Any CPU
		{BBA9C5A0-666F-45D9-944E-F8806DFCB526}.Release|Any CPU.Build.0 = Release|Any CPU
	EndGlobalSection
	GlobalSection(SolutionProperties) = preSolution
		HideSolutionNode = FALSE
	EndGlobalSection
	GlobalSection(ExtensibilityGlobals) = postSolution
		SolutionGuid = {20E0E9D0-73F3-4AFE-86F3-4FC8551521AD}
	EndGlobalSection
EndGlobal
