
Microsoft Visual Studio Solution File, Format Version 12.00
# Visual Studio Version 17
VisualStudioVersion = 17.4.33205.214
MinimumVisualStudioVersion = 10.0.40219.1
Project("{FAE04EC0-301F-11D3-BF4B-00C04F79EFBC}") = "04JanuaryStudy", "04JanuaryStudy\04JanuaryStudy.csproj", "{C9C29F9C-C7B5-44A9-9D21-68A86087E5CF}"
EndProject
Global
	GlobalSection(SolutionConfigurationPlatforms) = preSolution
		Debug|Any CPU = Debug|Any CPU
		Release|Any CPU = Release|Any CPU
	EndGlobalSection
	GlobalSection(ProjectConfigurationPlatforms) = postSolution
		{C9C29F9C-C7B5-44A9-9D21-68A86087E5CF}.Debug|Any CPU.ActiveCfg = Debug|Any CPU
		{C9C29F9C-C7B5-44A9-9D21-68A86087E5CF}.Debug|Any CPU.Build.0 = Debug|Any CPU
		{C9C29F9C-C7B5-44A9-9D21-68A86087E5CF}.Release|Any CPU.ActiveCfg = Release|Any CPU
		{C9C29F9C-C7B5-44A9-9D21-68A86087E5CF}.Release|Any CPU.Build.0 = Release|Any CPU
	EndGlobalSection
	GlobalSection(SolutionProperties) = preSolution
		HideSolutionNode = FALSE
	EndGlobalSection
	GlobalSection(ExtensibilityGlobals) = postSolution
		SolutionGuid = {5152F7EB-16DD-4BEF-B8FC-096D7BD08DC9}
	EndGlobalSection
EndGlobal
