
Microsoft Visual Studio Solution File, Format Version 12.00
# Visual Studio Version 17
VisualStudioVersion = 17.4.33205.214
MinimumVisualStudioVersion = 10.0.40219.1
Project("{9A19103F-16F7-4668-BE54-9A1E7A4F7556}") = "Practical23January", "Practical20January\Practical23January.csproj", "{37CCC657-DBE2-42E5-8328-8723418681F3}"
EndProject
Global
	GlobalSection(SolutionConfigurationPlatforms) = preSolution
		Debug|Any CPU = Debug|Any CPU
		Release|Any CPU = Release|Any CPU
	EndGlobalSection
	GlobalSection(ProjectConfigurationPlatforms) = postSolution
		{37CCC657-DBE2-42E5-8328-8723418681F3}.Debug|Any CPU.ActiveCfg = Debug|Any CPU
		{37CCC657-DBE2-42E5-8328-8723418681F3}.Debug|Any CPU.Build.0 = Debug|Any CPU
		{37CCC657-DBE2-42E5-8328-8723418681F3}.Release|Any CPU.ActiveCfg = Release|Any CPU
		{37CCC657-DBE2-42E5-8328-8723418681F3}.Release|Any CPU.Build.0 = Release|Any CPU
	EndGlobalSection
	GlobalSection(SolutionProperties) = preSolution
		HideSolutionNode = FALSE
	EndGlobalSection
	GlobalSection(ExtensibilityGlobals) = postSolution
		SolutionGuid = {EAAF6425-95CA-4AC5-ADC2-E83FC1671BE9}
	EndGlobalSection
EndGlobal
