
Microsoft Visual Studio Solution File, Format Version 12.00
# Visual Studio Version 17
VisualStudioVersion = 17.4.33205.214
MinimumVisualStudioVersion = 10.0.40219.1
Project("{FAE04EC0-301F-11D3-BF4B-00C04F79EFBC}") = "Practical24January", "Practical24January\Practical24January.csproj", "{BEED9B9E-28ED-4595-93A9-2F0C1A739111}"
EndProject
Global
	GlobalSection(SolutionConfigurationPlatforms) = preSolution
		Debug|Any CPU = Debug|Any CPU
		Release|Any CPU = Release|Any CPU
	EndGlobalSection
	GlobalSection(ProjectConfigurationPlatforms) = postSolution
		{BEED9B9E-28ED-4595-93A9-2F0C1A739111}.Debug|Any CPU.ActiveCfg = Debug|Any CPU
		{BEED9B9E-28ED-4595-93A9-2F0C1A739111}.Debug|Any CPU.Build.0 = Debug|Any CPU
		{BEED9B9E-28ED-4595-93A9-2F0C1A739111}.Release|Any CPU.ActiveCfg = Release|Any CPU
		{BEED9B9E-28ED-4595-93A9-2F0C1A739111}.Release|Any CPU.Build.0 = Release|Any CPU
	EndGlobalSection
	GlobalSection(SolutionProperties) = preSolution
		HideSolutionNode = FALSE
	EndGlobalSection
	GlobalSection(ExtensibilityGlobals) = postSolution
		SolutionGuid = {7E372800-631E-45FF-B0EE-1DAD747EB014}
	EndGlobalSection
EndGlobal
